
Microsoft Visual Studio Solution File, Format Version 12.00
# Visual Studio Version 17
VisualStudioVersion = 17.9.34607.119
MinimumVisualStudioVersion = 10.0.40219.1
Project("{FAE04EC0-301F-11D3-BF4B-00C04F79EFBC}") = "CourseWebAPI", "CourseWebAPI.csproj", "{67D34656-7B39-438B-A639-7C258BC6BA67}"
EndProject
Global
	GlobalSection(SolutionConfigurationPlatforms) = preSolution
		Debug|Any CPU = Debug|Any CPU
		Release|Any CPU = Release|Any CPU
	EndGlobalSection
	GlobalSection(ProjectConfigurationPlatforms) = postSolution
		{67D34656-7B39-438B-A639-7C258BC6BA67}.Debug|Any CPU.ActiveCfg = Debug|Any CPU
		{67D34656-7B39-438B-A639-7C258BC6BA67}.Debug|Any CPU.Build.0 = Debug|Any CPU
		{67D34656-7B39-438B-A639-7C258BC6BA67}.Release|Any CPU.ActiveCfg = Release|Any CPU
		{67D34656-7B39-438B-A639-7C258BC6BA67}.Release|Any CPU.Build.0 = Release|Any CPU
	EndGlobalSection
	GlobalSection(SolutionProperties) = preSolution
		HideSolutionNode = FALSE
	EndGlobalSection
	GlobalSection(ExtensibilityGlobals) = postSolution
		SolutionGuid = {91380928-6E39-4B54-A871-2EDCE9577847}
	EndGlobalSection
EndGlobal
